# THIS IS AN AUTOGENERATED FILE. DO NOT EDIT THIS FILE DIRECTLY.
# yarn lockfile v1


bun-types@^1.0.2:
  version "1.0.2"
  resolved "https://registry.yarnpkg.com/bun-types/-/bun-types-1.0.2.tgz#4905f5debd69c1e2695e15fd64a4e68061a4f6d3"
  integrity sha512-yqBp2SX9cqr5/GReb56uCfM+YP+Hntx3XPjbqX1VJXqOBu+Yqw8iWRFLKFIsz9uEfykLgflhramQ8a5Jgo+Tlg==

kolorist@^1.8.0:
  version "1.8.0"
  resolved "https://registry.yarnpkg.com/kolorist/-/kolorist-1.8.0.tgz#edddbbbc7894bc13302cdf740af6374d4a04743c"
  integrity sha512-Y+60/zizpJ3HRH8DCss+q95yr6145JXZo46OTpFvDZWLfRCE4qChOyk1b26nMaNpfHHgxagk9dXT5OP0Tfe+dQ==

path-to-regexp@^6.2.1:
  version "6.2.1"
  resolved "https://registry.yarnpkg.com/path-to-regexp/-/path-to-regexp-6.2.1.tgz#d54934d6798eb9e5ef14e7af7962c945906918e5"
  integrity sha512-JLyh7xT1kizaEvcaXOQwOc2/Yhw6KZOvPf1S8401UyLk86CU79LN3vl7ztXGm/pZ+YjoyAJ4rxmHwbkBXJX+yw==
